
Microsoft Visual Studio Solution File, Format Version 12.00
# Visual Studio Version 17
VisualStudioVersion = 17.7.34024.191
MinimumVisualStudioVersion = 10.0.40219.1
Project("{FAE04EC0-301F-11D3-BF4B-00C04F79EFBC}") = "PeliculasAPI", "PeliculasAPI\PeliculasAPI.csproj", "{90DC7BC8-891B-430D-8D8F-E39F4EE10DAA}"
EndProject
Global
	GlobalSection(SolutionConfigurationPlatforms) = preSolution
		Debug|Any CPU = Debug|Any CPU
		Release|Any CPU = Release|Any CPU
	EndGlobalSection
	GlobalSection(ProjectConfigurationPlatforms) = postSolution
		{90DC7BC8-891B-430D-8D8F-E39F4EE10DAA}.Debug|Any CPU.ActiveCfg = Debug|Any CPU
		{90DC7BC8-891B-430D-8D8F-E39F4EE10DAA}.Debug|Any CPU.Build.0 = Debug|Any CPU
		{90DC7BC8-891B-430D-8D8F-E39F4EE10DAA}.Release|Any CPU.ActiveCfg = Release|Any CPU
		{90DC7BC8-891B-430D-8D8F-E39F4EE10DAA}.Release|Any CPU.Build.0 = Release|Any CPU
	EndGlobalSection
	GlobalSection(SolutionProperties) = preSolution
		HideSolutionNode = FALSE
	EndGlobalSection
	GlobalSection(ExtensibilityGlobals) = postSolution
		SolutionGuid = {75213191-09D2-4D98-AE1D-C5FA131EFF3D}
	EndGlobalSection
EndGlobal
